
Microsoft Visual Studio Solution File, Format Version 12.00
# Visual Studio Version 17
VisualStudioVersion = 17.1.32328.378
MinimumVisualStudioVersion = 10.0.40219.1
Project("{FAE04EC0-301F-11D3-BF4B-00C04F79EFBC}") = "RPGGame", "RPGGame.csproj", "{30FAA973-6E74-44A8-951D-92EFCE3DA833}"
EndProject
Global
	GlobalSection(SolutionConfigurationPlatforms) = preSolution
		Debug|Any CPU = Debug|Any CPU
		Release|Any CPU = Release|Any CPU
	EndGlobalSection
	GlobalSection(ProjectConfigurationPlatforms) = postSolution
		{30FAA973-6E74-44A8-951D-92EFCE3DA833}.Debug|Any CPU.ActiveCfg = Debug|Any CPU
		{30FAA973-6E74-44A8-951D-92EFCE3DA833}.Debug|Any CPU.Build.0 = Debug|Any CPU
		{30FAA973-6E74-44A8-951D-92EFCE3DA833}.Release|Any CPU.ActiveCfg = Release|Any CPU
		{30FAA973-6E74-44A8-951D-92EFCE3DA833}.Release|Any CPU.Build.0 = Release|Any CPU
	EndGlobalSection
	GlobalSection(SolutionProperties) = preSolution
		HideSolutionNode = FALSE
	EndGlobalSection
	GlobalSection(ExtensibilityGlobals) = postSolution
		SolutionGuid = {7C6ED449-0E62-4882-8E92-86A5EFE4C806}
	EndGlobalSection
EndGlobal
